{
  "name": "wx-miniprogram-kit",
  "version": "0.1.0",
  "lockfileVersion": 3,
  "requires": true,
  "packages": {
    "": {
      "name": "wx-miniprogram-kit",
      "version": "0.1.0",
      "license": "MIT",
      "workspaces": [
        "packages/*"
      ]
    },
    "node_modules/create-wx-kit": {
      "resolved": "packages/create-wx-kit",
      "link": true
    },
    "packages/create-wx-kit": {
      "version": "0.1.0",
      "license": "MIT",
      "bin": {
        "create-wx-kit": "bin/create-wx-kit.js"
      }
    }
  }
}
